schema: '2.0'
stages:
  preprocess:
    cmd: python -m src.data.preprocess
    deps:
    - path: src/data/preprocess.py
      hash: md5
      md5: 9dd78da939c54563e90c39f30191a5ff
      size: 1665
      isexec: true
    outs:
    - path: data/processed/dataset.csv
      hash: md5
      md5: b75355a29052e0c6edd68a4960b1843c
      size: 3179213
  feature_eng:
    cmd: python -m src.data.feature_engine
    deps:
    - path: data/processed/dataset.csv
      hash: md5
      md5: b75355a29052e0c6edd68a4960b1843c
      size: 3179213
    - path: src/data/feature_engine.py
      hash: md5
      md5: b22e5ed93ad8a55215327b497d67b285
      size: 3163
      isexec: true
    outs:
    - path: data/features/dataset.csv
      hash: md5
      md5: 069f93b1037b6f3aa01d094d8ffcf938
      size: 9801307
  train:
    cmd: python -m src.training.train
    deps:
    - path: data/features/dataset.csv
      hash: md5
      md5: a8ecafdf841661d9d15f675e10efa983
      size: 10953850
    - path: src/models/
      hash: md5
      md5: a53e01e0e6a692625d6f22b5354c10db.dir
      size: 2992
      nfiles: 4
    - path: src/training/train.py
      hash: md5
      md5: 07ff0df8ae66ea8888e3016e4dac743f
      size: 4828
    outs:
    - path: models/model.pt
      hash: md5
      md5: 3361af32dea4895ef73d2aa407d82051
      size: 3849
    - path: models/model_config.json
      hash: md5
      md5: e5f6c37c0a4c1a3562f95aaf3a0c3d80
      size: 18
    - path: reports/training_metrics.json
      hash: md5
      md5: 4ff451c3659a3c5a7b4ba9b95d413016
      size: 272
  evaluate:
    cmd: python -m src.training.evaluate
    deps:
    - path: data/features/dataset.csv
      hash: md5
      md5: a8ecafdf841661d9d15f675e10efa983
      size: 10953850
    - path: models/model.pt
      hash: md5
      md5: 3361af32dea4895ef73d2aa407d82051
      size: 3849
    - path: models/model_config.json
      hash: md5
      md5: e5f6c37c0a4c1a3562f95aaf3a0c3d80
      size: 18
    - path: src/training/evaluate.py
      hash: md5
      md5: a0aee02a07602f788248de6820763fee
      size: 1240
    - path: src/training/metrics.py
      hash: md5
      md5: 638bf84d06fd758a8ed2a288465c08cf
      size: 833
    outs:
    - path: reports/evaluation_metrics.json
      hash: md5
      md5: 6ee30f59984bbf33a22fb461ebe72242
      size: 183
